
Microsoft Visual Studio Solution File, Format Version 12.00
# Visual Studio Version 16
VisualStudioVersion = 25.0.1706.9
MinimumVisualStudioVersion = 10.0.40219.1
Project("{FAE04EC0-301F-11D3-BF4B-00C04F79EFBC}") = "01.DefineAnInterfaceIPerson", "01.DefineAnInterfaceIPerson\01.DefineAnInterfaceIPerson.csproj", "{04878469-372A-402A-84D7-74D16D9FC9BA}"
EndProject
Project("{FAE04EC0-301F-11D3-BF4B-00C04F79EFBC}") = "02.MultipleImplementation", "02.MultipleImplementation\02.MultipleImplementation.csproj", "{51740F86-988F-40DD-B6D5-3224D469E7F1}"
EndProject
Project("{FAE04EC0-301F-11D3-BF4B-00C04F79EFBC}") = "03.Telephony", "03.Telephony\03.Telephony.csproj", "{2F1E33A6-1449-463B-8A38-ABA91E6713D0}"
EndProject
Project("{FAE04EC0-301F-11D3-BF4B-00C04F79EFBC}") = "04.BorderControl", "04.BorderControl\04.BorderControl.csproj", "{BE09616C-F028-46C5-B11A-517C4E0738DD}"
EndProject
Project("{FAE04EC0-301F-11D3-BF4B-00C04F79EFBC}") = "05.BirthdayCelebrations", "05.BirthdayCelebrations\05.BirthdayCelebrations.csproj", "{A9735509-2AED-4DB3-97A7-6AC7BD1D18C8}"
EndProject
Project("{FAE04EC0-301F-11D3-BF4B-00C04F79EFBC}") = "06.FoodShortage", "06.FoodShortage\06.FoodShortage.csproj", "{F8C77B99-1298-493B-B150-6F536C218488}"
EndProject
Global
	GlobalSection(SolutionConfigurationPlatforms) = preSolution
		Debug|Any CPU = Debug|Any CPU
		Release|Any CPU = Release|Any CPU
	EndGlobalSection
	GlobalSection(ProjectConfigurationPlatforms) = postSolution
		{04878469-372A-402A-84D7-74D16D9FC9BA}.Debug|Any CPU.ActiveCfg = Debug|Any CPU
		{04878469-372A-402A-84D7-74D16D9FC9BA}.Debug|Any CPU.Build.0 = Debug|Any CPU
		{04878469-372A-402A-84D7-74D16D9FC9BA}.Release|Any CPU.ActiveCfg = Release|Any CPU
		{04878469-372A-402A-84D7-74D16D9FC9BA}.Release|Any CPU.Build.0 = Release|Any CPU
		{51740F86-988F-40DD-B6D5-3224D469E7F1}.Debug|Any CPU.ActiveCfg = Debug|Any CPU
		{51740F86-988F-40DD-B6D5-3224D469E7F1}.Debug|Any CPU.Build.0 = Debug|Any CPU
		{51740F86-988F-40DD-B6D5-3224D469E7F1}.Release|Any CPU.ActiveCfg = Release|Any CPU
		{51740F86-988F-40DD-B6D5-3224D469E7F1}.Release|Any CPU.Build.0 = Release|Any CPU
		{2F1E33A6-1449-463B-8A38-ABA91E6713D0}.Debug|Any CPU.ActiveCfg = Debug|Any CPU
		{2F1E33A6-1449-463B-8A38-ABA91E6713D0}.Debug|Any CPU.Build.0 = Debug|Any CPU
		{2F1E33A6-1449-463B-8A38-ABA91E6713D0}.Release|Any CPU.ActiveCfg = Release|Any CPU
		{2F1E33A6-1449-463B-8A38-ABA91E6713D0}.Release|Any CPU.Build.0 = Release|Any CPU
		{BE09616C-F028-46C5-B11A-517C4E0738DD}.Debug|Any CPU.ActiveCfg = Debug|Any CPU
		{BE09616C-F028-46C5-B11A-517C4E0738DD}.Debug|Any CPU.Build.0 = Debug|Any CPU
		{BE09616C-F028-46C5-B11A-517C4E0738DD}.Release|Any CPU.ActiveCfg = Release|Any CPU
		{BE09616C-F028-46C5-B11A-517C4E0738DD}.Release|Any CPU.Build.0 = Release|Any CPU
		{A9735509-2AED-4DB3-97A7-6AC7BD1D18C8}.Debug|Any CPU.ActiveCfg = Debug|Any CPU
		{A9735509-2AED-4DB3-97A7-6AC7BD1D18C8}.Debug|Any CPU.Build.0 = Debug|Any CPU
		{A9735509-2AED-4DB3-97A7-6AC7BD1D18C8}.Release|Any CPU.ActiveCfg = Release|Any CPU
		{A9735509-2AED-4DB3-97A7-6AC7BD1D18C8}.Release|Any CPU.Build.0 = Release|Any CPU
		{F8C77B99-1298-493B-B150-6F536C218488}.Debug|Any CPU.ActiveCfg = Debug|Any CPU
		{F8C77B99-1298-493B-B150-6F536C218488}.Debug|Any CPU.Build.0 = Debug|Any CPU
		{F8C77B99-1298-493B-B150-6F536C218488}.Release|Any CPU.ActiveCfg = Release|Any CPU
		{F8C77B99-1298-493B-B150-6F536C218488}.Release|Any CPU.Build.0 = Release|Any CPU
	EndGlobalSection
	GlobalSection(SolutionProperties) = preSolution
		HideSolutionNode = FALSE
	EndGlobalSection
	GlobalSection(ExtensibilityGlobals) = postSolution
		SolutionGuid = {2F6104FD-4E3D-4D7D-A504-B6B30EA6E225}
	EndGlobalSection
EndGlobal
