
Microsoft Visual Studio Solution File, Format Version 12.00
# Visual Studio Version 17
VisualStudioVersion = 17.9.34607.119
MinimumVisualStudioVersion = 10.0.40219.1
Project("{9A19103F-16F7-4668-BE54-9A1E7A4F7556}") = "01.Vehicles", "01.Vehicles\01.Vehicles.csproj", "{13A3446A-F874-4514-8B99-4C8F97D25191}"
EndProject
Project("{FAE04EC0-301F-11D3-BF4B-00C04F79EFBC}") = "02.VehicleExtension", "02.VehicleExtension\02.VehicleExtension.csproj", "{860A2FFF-89EB-4452-8300-D5AFA8FDA99F}"
EndProject
Global
	GlobalSection(SolutionConfigurationPlatforms) = preSolution
		Debug|Any CPU = Debug|Any CPU
		Release|Any CPU = Release|Any CPU
	EndGlobalSection
	GlobalSection(ProjectConfigurationPlatforms) = postSolution
		{13A3446A-F874-4514-8B99-4C8F97D25191}.Debug|Any CPU.ActiveCfg = Debug|Any CPU
		{13A3446A-F874-4514-8B99-4C8F97D25191}.Debug|Any CPU.Build.0 = Debug|Any CPU
		{13A3446A-F874-4514-8B99-4C8F97D25191}.Release|Any CPU.ActiveCfg = Release|Any CPU
		{13A3446A-F874-4514-8B99-4C8F97D25191}.Release|Any CPU.Build.0 = Release|Any CPU
		{860A2FFF-89EB-4452-8300-D5AFA8FDA99F}.Debug|Any CPU.ActiveCfg = Debug|Any CPU
		{860A2FFF-89EB-4452-8300-D5AFA8FDA99F}.Debug|Any CPU.Build.0 = Debug|Any CPU
		{860A2FFF-89EB-4452-8300-D5AFA8FDA99F}.Release|Any CPU.ActiveCfg = Release|Any CPU
		{860A2FFF-89EB-4452-8300-D5AFA8FDA99F}.Release|Any CPU.Build.0 = Release|Any CPU
	EndGlobalSection
	GlobalSection(SolutionProperties) = preSolution
		HideSolutionNode = FALSE
	EndGlobalSection
	GlobalSection(ExtensibilityGlobals) = postSolution
		SolutionGuid = {380E333F-5BE4-4C81-AA45-61F29F943E08}
	EndGlobalSection
EndGlobal
