
Microsoft Visual Studio Solution File, Format Version 12.00
Project("{FAE04EC0-301F-11D3-BF4B-00C04F79EFBC}") = "01.SquareRoot", "01.SquareRoot\01.SquareRoot.csproj", "{05242380-7065-4886-AF29-DDAE4DAAE129}"
EndProject
Project("{FAE04EC0-301F-11D3-BF4B-00C04F79EFBC}") = "02.EnterNumbers", "02.EnterNumbers\02.EnterNumbers.csproj", "{B65BF11B-E3FB-41D2-AC40-11E59DF946E2}"
EndProject
Project("{FAE04EC0-301F-11D3-BF4B-00C04F79EFBC}") = "03.Cards", "03.Cards\03.Cards.csproj", "{C5534626-40EF-4EAD-B94D-6FC31D0D2DBD}"
EndProject
Project("{FAE04EC0-301F-11D3-BF4B-00C04F79EFBC}") = "04.SumOfInts", "04.SumOfInts\04.SumOfInts.csproj", "{DC9D2200-2A6C-410A-B8BE-9CEBBFC7FC4E}"
EndProject
Project("{FAE04EC0-301F-11D3-BF4B-00C04F79EFBC}") = "05.PlayCatch", "05.PlayCatch\05.PlayCatch.csproj", "{39C929B2-2FC1-4B9F-9428-850DF46C201E}"
EndProject
Project("{FAE04EC0-301F-11D3-BF4B-00C04F79EFBC}") = "06.MoneyTransactions", "06.MoneyTransactions\06.MoneyTransactions.csproj", "{8667C373-C238-4C90-80A2-9A9973685E4D}"
EndProject
Global
	GlobalSection(SolutionConfigurationPlatforms) = preSolution
		Debug|Any CPU = Debug|Any CPU
		Release|Any CPU = Release|Any CPU
	EndGlobalSection
	GlobalSection(ProjectConfigurationPlatforms) = postSolution
		{05242380-7065-4886-AF29-DDAE4DAAE129}.Debug|Any CPU.ActiveCfg = Debug|Any CPU
		{05242380-7065-4886-AF29-DDAE4DAAE129}.Debug|Any CPU.Build.0 = Debug|Any CPU
		{05242380-7065-4886-AF29-DDAE4DAAE129}.Release|Any CPU.ActiveCfg = Release|Any CPU
		{05242380-7065-4886-AF29-DDAE4DAAE129}.Release|Any CPU.Build.0 = Release|Any CPU
		{B65BF11B-E3FB-41D2-AC40-11E59DF946E2}.Debug|Any CPU.ActiveCfg = Debug|Any CPU
		{B65BF11B-E3FB-41D2-AC40-11E59DF946E2}.Debug|Any CPU.Build.0 = Debug|Any CPU
		{B65BF11B-E3FB-41D2-AC40-11E59DF946E2}.Release|Any CPU.ActiveCfg = Release|Any CPU
		{B65BF11B-E3FB-41D2-AC40-11E59DF946E2}.Release|Any CPU.Build.0 = Release|Any CPU
		{C5534626-40EF-4EAD-B94D-6FC31D0D2DBD}.Debug|Any CPU.ActiveCfg = Debug|Any CPU
		{C5534626-40EF-4EAD-B94D-6FC31D0D2DBD}.Debug|Any CPU.Build.0 = Debug|Any CPU
		{C5534626-40EF-4EAD-B94D-6FC31D0D2DBD}.Release|Any CPU.ActiveCfg = Release|Any CPU
		{C5534626-40EF-4EAD-B94D-6FC31D0D2DBD}.Release|Any CPU.Build.0 = Release|Any CPU
		{DC9D2200-2A6C-410A-B8BE-9CEBBFC7FC4E}.Debug|Any CPU.ActiveCfg = Debug|Any CPU
		{DC9D2200-2A6C-410A-B8BE-9CEBBFC7FC4E}.Debug|Any CPU.Build.0 = Debug|Any CPU
		{DC9D2200-2A6C-410A-B8BE-9CEBBFC7FC4E}.Release|Any CPU.ActiveCfg = Release|Any CPU
		{DC9D2200-2A6C-410A-B8BE-9CEBBFC7FC4E}.Release|Any CPU.Build.0 = Release|Any CPU
		{39C929B2-2FC1-4B9F-9428-850DF46C201E}.Debug|Any CPU.ActiveCfg = Debug|Any CPU
		{39C929B2-2FC1-4B9F-9428-850DF46C201E}.Debug|Any CPU.Build.0 = Debug|Any CPU
		{39C929B2-2FC1-4B9F-9428-850DF46C201E}.Release|Any CPU.ActiveCfg = Release|Any CPU
		{39C929B2-2FC1-4B9F-9428-850DF46C201E}.Release|Any CPU.Build.0 = Release|Any CPU
		{8667C373-C238-4C90-80A2-9A9973685E4D}.Debug|Any CPU.ActiveCfg = Debug|Any CPU
		{8667C373-C238-4C90-80A2-9A9973685E4D}.Debug|Any CPU.Build.0 = Debug|Any CPU
		{8667C373-C238-4C90-80A2-9A9973685E4D}.Release|Any CPU.ActiveCfg = Release|Any CPU
		{8667C373-C238-4C90-80A2-9A9973685E4D}.Release|Any CPU.Build.0 = Release|Any CPU
	EndGlobalSection
EndGlobal
