
Microsoft Visual Studio Solution File, Format Version 12.00
# Visual Studio Version 17
VisualStudioVersion = 17.9.34607.119
MinimumVisualStudioVersion = 10.0.40219.1
Project("{FAE04EC0-301F-11D3-BF4B-00C04F79EFBC}") = "01.OffroadChallenge", "01.OffroadChallenge\01.OffroadChallenge.csproj", "{A3CFE354-80EB-4EF6-AC6A-10DD5EC0A252}"
EndProject
Project("{FAE04EC0-301F-11D3-BF4B-00C04F79EFBC}") = "02.FishingCompetition", "02.FishingCompetition\02.FishingCompetition.csproj", "{5AD24096-4A37-4BE1-9B10-B4ED1320792B}"
EndProject
Global
	GlobalSection(SolutionConfigurationPlatforms) = preSolution
		Debug|Any CPU = Debug|Any CPU
		Release|Any CPU = Release|Any CPU
	EndGlobalSection
	GlobalSection(ProjectConfigurationPlatforms) = postSolution
		{A3CFE354-80EB-4EF6-AC6A-10DD5EC0A252}.Debug|Any CPU.ActiveCfg = Debug|Any CPU
		{A3CFE354-80EB-4EF6-AC6A-10DD5EC0A252}.Debug|Any CPU.Build.0 = Debug|Any CPU
		{A3CFE354-80EB-4EF6-AC6A-10DD5EC0A252}.Release|Any CPU.ActiveCfg = Release|Any CPU
		{A3CFE354-80EB-4EF6-AC6A-10DD5EC0A252}.Release|Any CPU.Build.0 = Release|Any CPU
		{5AD24096-4A37-4BE1-9B10-B4ED1320792B}.Debug|Any CPU.ActiveCfg = Debug|Any CPU
		{5AD24096-4A37-4BE1-9B10-B4ED1320792B}.Debug|Any CPU.Build.0 = Debug|Any CPU
		{5AD24096-4A37-4BE1-9B10-B4ED1320792B}.Release|Any CPU.ActiveCfg = Release|Any CPU
		{5AD24096-4A37-4BE1-9B10-B4ED1320792B}.Release|Any CPU.Build.0 = Release|Any CPU
	EndGlobalSection
	GlobalSection(SolutionProperties) = preSolution
		HideSolutionNode = FALSE
	EndGlobalSection
	GlobalSection(ExtensibilityGlobals) = postSolution
		SolutionGuid = {65B12ADE-D3FA-4928-87B8-5BEBB0C6F8D2}
	EndGlobalSection
EndGlobal
