
Microsoft Visual Studio Solution File, Format Version 12.00
# Visual Studio Version 17
VisualStudioVersion = 17.7.34024.191
MinimumVisualStudioVersion = 10.0.40219.1
Project("{9A19103F-16F7-4668-BE54-9A1E7A4F7556}") = "01.Ages", "01.Ages\01.Ages.csproj", "{76B007B0-DA74-4668-8908-9DB0B4CF47DB}"
EndProject
Project("{9A19103F-16F7-4668-BE54-9A1E7A4F7556}") = "02.Division", "02.Division\02.Division.csproj", "{E117A8E7-DFA3-46C9-9C34-558E81B71996}"
EndProject
Project("{9A19103F-16F7-4668-BE54-9A1E7A4F7556}") = "03.Vacation", "03.Vacation\03.Vacation.csproj", "{B5B06EF5-6F49-46E1-84E6-71A8653AA70F}"
EndProject
Project("{9A19103F-16F7-4668-BE54-9A1E7A4F7556}") = "04.PrintAndSum", "04.PrintAndSum\04.PrintAndSum.csproj", "{57F213F6-7545-475E-ADC3-4A85B7DD4389}"
EndProject
Project("{9A19103F-16F7-4668-BE54-9A1E7A4F7556}") = "05.Login", "05.Login\05.Login.csproj", "{83D29EDC-C1E3-48C2-809B-23CE9AF3230F}"
EndProject
Project("{9A19103F-16F7-4668-BE54-9A1E7A4F7556}") = "06.StrongNumber", "06.StrongNumber\06.StrongNumber.csproj", "{FF9F3269-0C0A-4E15-B4AA-D453A5F5479C}"
EndProject
Project("{9A19103F-16F7-4668-BE54-9A1E7A4F7556}") = "07.Vending", "07.Vending\07.Vending.csproj", "{56AB40FB-A43F-4B7C-95B0-23C4A3FEC6B1}"
EndProject
Project("{FAE04EC0-301F-11D3-BF4B-00C04F79EFBC}") = "08.Triangle", "08.Triangle\08.Triangle.csproj", "{95F0D991-8825-4E75-A42F-168765C58E3F}"
EndProject
Project("{FAE04EC0-301F-11D3-BF4B-00C04F79EFBC}") = "09.Padawan", "09.Padawan\09.Padawan.csproj", "{5A9E832C-CB02-411A-8461-F0913C46B00D}"
EndProject
Project("{FAE04EC0-301F-11D3-BF4B-00C04F79EFBC}") = "10.RageExpenses", "10.RageExpenses\10.RageExpenses.csproj", "{A28962F7-ABCD-474B-809D-A642484C00CE}"
EndProject
Project("{FAE04EC0-301F-11D3-BF4B-00C04F79EFBC}") = "11.Orders", "11.Orders\11.Orders.csproj", "{BCD8B0C7-11FD-4B11-B51E-F5AE24FC651D}"
EndProject
Global
	GlobalSection(SolutionConfigurationPlatforms) = preSolution
		Debug|Any CPU = Debug|Any CPU
		Release|Any CPU = Release|Any CPU
	EndGlobalSection
	GlobalSection(ProjectConfigurationPlatforms) = postSolution
		{76B007B0-DA74-4668-8908-9DB0B4CF47DB}.Debug|Any CPU.ActiveCfg = Debug|Any CPU
		{76B007B0-DA74-4668-8908-9DB0B4CF47DB}.Debug|Any CPU.Build.0 = Debug|Any CPU
		{76B007B0-DA74-4668-8908-9DB0B4CF47DB}.Release|Any CPU.ActiveCfg = Release|Any CPU
		{76B007B0-DA74-4668-8908-9DB0B4CF47DB}.Release|Any CPU.Build.0 = Release|Any CPU
		{E117A8E7-DFA3-46C9-9C34-558E81B71996}.Debug|Any CPU.ActiveCfg = Debug|Any CPU
		{E117A8E7-DFA3-46C9-9C34-558E81B71996}.Debug|Any CPU.Build.0 = Debug|Any CPU
		{E117A8E7-DFA3-46C9-9C34-558E81B71996}.Release|Any CPU.ActiveCfg = Release|Any CPU
		{E117A8E7-DFA3-46C9-9C34-558E81B71996}.Release|Any CPU.Build.0 = Release|Any CPU
		{B5B06EF5-6F49-46E1-84E6-71A8653AA70F}.Debug|Any CPU.ActiveCfg = Debug|Any CPU
		{B5B06EF5-6F49-46E1-84E6-71A8653AA70F}.Debug|Any CPU.Build.0 = Debug|Any CPU
		{B5B06EF5-6F49-46E1-84E6-71A8653AA70F}.Release|Any CPU.ActiveCfg = Release|Any CPU
		{B5B06EF5-6F49-46E1-84E6-71A8653AA70F}.Release|Any CPU.Build.0 = Release|Any CPU
		{57F213F6-7545-475E-ADC3-4A85B7DD4389}.Debug|Any CPU.ActiveCfg = Debug|Any CPU
		{57F213F6-7545-475E-ADC3-4A85B7DD4389}.Debug|Any CPU.Build.0 = Debug|Any CPU
		{57F213F6-7545-475E-ADC3-4A85B7DD4389}.Release|Any CPU.ActiveCfg = Release|Any CPU
		{57F213F6-7545-475E-ADC3-4A85B7DD4389}.Release|Any CPU.Build.0 = Release|Any CPU
		{83D29EDC-C1E3-48C2-809B-23CE9AF3230F}.Debug|Any CPU.ActiveCfg = Debug|Any CPU
		{83D29EDC-C1E3-48C2-809B-23CE9AF3230F}.Debug|Any CPU.Build.0 = Debug|Any CPU
		{83D29EDC-C1E3-48C2-809B-23CE9AF3230F}.Release|Any CPU.ActiveCfg = Release|Any CPU
		{83D29EDC-C1E3-48C2-809B-23CE9AF3230F}.Release|Any CPU.Build.0 = Release|Any CPU
		{FF9F3269-0C0A-4E15-B4AA-D453A5F5479C}.Debug|Any CPU.ActiveCfg = Debug|Any CPU
		{FF9F3269-0C0A-4E15-B4AA-D453A5F5479C}.Debug|Any CPU.Build.0 = Debug|Any CPU
		{FF9F3269-0C0A-4E15-B4AA-D453A5F5479C}.Release|Any CPU.ActiveCfg = Release|Any CPU
		{FF9F3269-0C0A-4E15-B4AA-D453A5F5479C}.Release|Any CPU.Build.0 = Release|Any CPU
		{56AB40FB-A43F-4B7C-95B0-23C4A3FEC6B1}.Debug|Any CPU.ActiveCfg = Debug|Any CPU
		{56AB40FB-A43F-4B7C-95B0-23C4A3FEC6B1}.Debug|Any CPU.Build.0 = Debug|Any CPU
		{56AB40FB-A43F-4B7C-95B0-23C4A3FEC6B1}.Release|Any CPU.ActiveCfg = Release|Any CPU
		{56AB40FB-A43F-4B7C-95B0-23C4A3FEC6B1}.Release|Any CPU.Build.0 = Release|Any CPU
		{95F0D991-8825-4E75-A42F-168765C58E3F}.Debug|Any CPU.ActiveCfg = Debug|Any CPU
		{95F0D991-8825-4E75-A42F-168765C58E3F}.Debug|Any CPU.Build.0 = Debug|Any CPU
		{95F0D991-8825-4E75-A42F-168765C58E3F}.Release|Any CPU.ActiveCfg = Release|Any CPU
		{95F0D991-8825-4E75-A42F-168765C58E3F}.Release|Any CPU.Build.0 = Release|Any CPU
		{5A9E832C-CB02-411A-8461-F0913C46B00D}.Debug|Any CPU.ActiveCfg = Debug|Any CPU
		{5A9E832C-CB02-411A-8461-F0913C46B00D}.Debug|Any CPU.Build.0 = Debug|Any CPU
		{5A9E832C-CB02-411A-8461-F0913C46B00D}.Release|Any CPU.ActiveCfg = Release|Any CPU
		{5A9E832C-CB02-411A-8461-F0913C46B00D}.Release|Any CPU.Build.0 = Release|Any CPU
		{A28962F7-ABCD-474B-809D-A642484C00CE}.Debug|Any CPU.ActiveCfg = Debug|Any CPU
		{A28962F7-ABCD-474B-809D-A642484C00CE}.Debug|Any CPU.Build.0 = Debug|Any CPU
		{A28962F7-ABCD-474B-809D-A642484C00CE}.Release|Any CPU.ActiveCfg = Release|Any CPU
		{A28962F7-ABCD-474B-809D-A642484C00CE}.Release|Any CPU.Build.0 = Release|Any CPU
		{BCD8B0C7-11FD-4B11-B51E-F5AE24FC651D}.Debug|Any CPU.ActiveCfg = Debug|Any CPU
		{BCD8B0C7-11FD-4B11-B51E-F5AE24FC651D}.Debug|Any CPU.Build.0 = Debug|Any CPU
		{BCD8B0C7-11FD-4B11-B51E-F5AE24FC651D}.Release|Any CPU.ActiveCfg = Release|Any CPU
		{BCD8B0C7-11FD-4B11-B51E-F5AE24FC651D}.Release|Any CPU.Build.0 = Release|Any CPU
	EndGlobalSection
	GlobalSection(SolutionProperties) = preSolution
		HideSolutionNode = FALSE
	EndGlobalSection
	GlobalSection(ExtensibilityGlobals) = postSolution
		SolutionGuid = {364060D1-A60C-4153-A10D-D01B31D24C9B}
	EndGlobalSection
EndGlobal
