
Microsoft Visual Studio Solution File, Format Version 12.00
# Visual Studio Version 17
VisualStudioVersion = 17.7.34221.43
MinimumVisualStudioVersion = 10.0.40219.1
Project("{FAE04EC0-301F-11D3-BF4B-00C04F79EFBC}") = "01.ReverseStrings", "01.ReverseStrings\01.ReverseStrings.csproj", "{4066CCF9-8998-4D52-8F31-7EC083949876}"
EndProject
Project("{FAE04EC0-301F-11D3-BF4B-00C04F79EFBC}") = "02.RepeatStrings", "02.RepeatStrings\02.RepeatStrings.csproj", "{E9139D5B-8038-484F-89A7-943302EB6138}"
EndProject
Project("{FAE04EC0-301F-11D3-BF4B-00C04F79EFBC}") = "03.Substring", "03.Substring\03.Substring.csproj", "{CC350727-C519-4AAC-9771-1B8E1ADD72FD}"
EndProject
Project("{FAE04EC0-301F-11D3-BF4B-00C04F79EFBC}") = "04.TextFilter", "04.TextFilter\04.TextFilter.csproj", "{2B4B8EAE-372F-45D9-9D37-A16A2A12CC42}"
EndProject
Project("{FAE04EC0-301F-11D3-BF4B-00C04F79EFBC}") = "05.Digits,LettersAndOther", "05.Digits,LettersAndOther\05.Digits,LettersAndOther.csproj", "{F6F0FC93-627E-4557-B980-5CED3AFD83EA}"
EndProject
Global
	GlobalSection(SolutionConfigurationPlatforms) = preSolution
		Debug|Any CPU = Debug|Any CPU
		Release|Any CPU = Release|Any CPU
	EndGlobalSection
	GlobalSection(ProjectConfigurationPlatforms) = postSolution
		{4066CCF9-8998-4D52-8F31-7EC083949876}.Debug|Any CPU.ActiveCfg = Debug|Any CPU
		{4066CCF9-8998-4D52-8F31-7EC083949876}.Debug|Any CPU.Build.0 = Debug|Any CPU
		{4066CCF9-8998-4D52-8F31-7EC083949876}.Release|Any CPU.ActiveCfg = Release|Any CPU
		{4066CCF9-8998-4D52-8F31-7EC083949876}.Release|Any CPU.Build.0 = Release|Any CPU
		{E9139D5B-8038-484F-89A7-943302EB6138}.Debug|Any CPU.ActiveCfg = Debug|Any CPU
		{E9139D5B-8038-484F-89A7-943302EB6138}.Debug|Any CPU.Build.0 = Debug|Any CPU
		{E9139D5B-8038-484F-89A7-943302EB6138}.Release|Any CPU.ActiveCfg = Release|Any CPU
		{E9139D5B-8038-484F-89A7-943302EB6138}.Release|Any CPU.Build.0 = Release|Any CPU
		{CC350727-C519-4AAC-9771-1B8E1ADD72FD}.Debug|Any CPU.ActiveCfg = Debug|Any CPU
		{CC350727-C519-4AAC-9771-1B8E1ADD72FD}.Debug|Any CPU.Build.0 = Debug|Any CPU
		{CC350727-C519-4AAC-9771-1B8E1ADD72FD}.Release|Any CPU.ActiveCfg = Release|Any CPU
		{CC350727-C519-4AAC-9771-1B8E1ADD72FD}.Release|Any CPU.Build.0 = Release|Any CPU
		{2B4B8EAE-372F-45D9-9D37-A16A2A12CC42}.Debug|Any CPU.ActiveCfg = Debug|Any CPU
		{2B4B8EAE-372F-45D9-9D37-A16A2A12CC42}.Debug|Any CPU.Build.0 = Debug|Any CPU
		{2B4B8EAE-372F-45D9-9D37-A16A2A12CC42}.Release|Any CPU.ActiveCfg = Release|Any CPU
		{2B4B8EAE-372F-45D9-9D37-A16A2A12CC42}.Release|Any CPU.Build.0 = Release|Any CPU
		{F6F0FC93-627E-4557-B980-5CED3AFD83EA}.Debug|Any CPU.ActiveCfg = Debug|Any CPU
		{F6F0FC93-627E-4557-B980-5CED3AFD83EA}.Debug|Any CPU.Build.0 = Debug|Any CPU
		{F6F0FC93-627E-4557-B980-5CED3AFD83EA}.Release|Any CPU.ActiveCfg = Release|Any CPU
		{F6F0FC93-627E-4557-B980-5CED3AFD83EA}.Release|Any CPU.Build.0 = Release|Any CPU
	EndGlobalSection
	GlobalSection(SolutionProperties) = preSolution
		HideSolutionNode = FALSE
	EndGlobalSection
	GlobalSection(ExtensibilityGlobals) = postSolution
		SolutionGuid = {5C33772E-7FF7-4739-8F7D-98B55AC8588C}
	EndGlobalSection
EndGlobal
