
Microsoft Visual Studio Solution File, Format Version 12.00
Project("{FAE04EC0-301F-11D3-BF4B-00C04F79EFBC}") = "01.Stealer", "01.Stealer\01.Stealer.csproj", "{6E3D39F8-12F9-4FB8-8222-82A941895302}"
EndProject
Project("{FAE04EC0-301F-11D3-BF4B-00C04F79EFBC}") = "02.High-QualityMistakes", "02.High-QualityMistakes\02.High-QualityMistakes.csproj", "{B4C2004D-A9D7-452E-8C66-C43A6280CA7F}"
EndProject
Project("{FAE04EC0-301F-11D3-BF4B-00C04F79EFBC}") = "03.MissionPrivateImpossible", "03.MissionPrivateImpossible\03.MissionPrivateImpossible.csproj", "{E829EBFE-463A-465F-A071-15280BD5C8C5}"
EndProject
Project("{FAE04EC0-301F-11D3-BF4B-00C04F79EFBC}") = "04.Collector", "04.Collector\04.Collector.csproj", "{14D8B307-5D2D-41A5-A03E-7FEB482227E3}"
EndProject
Project("{FAE04EC0-301F-11D3-BF4B-00C04F79EFBC}") = "AuthorProblem", "AuthorProblem\AuthorProblem.csproj", "{FB26CEC0-43A7-4421-88FA-EED746312797}"
EndProject
Global
	GlobalSection(SolutionConfigurationPlatforms) = preSolution
		Debug|Any CPU = Debug|Any CPU
		Release|Any CPU = Release|Any CPU
	EndGlobalSection
	GlobalSection(ProjectConfigurationPlatforms) = postSolution
		{6E3D39F8-12F9-4FB8-8222-82A941895302}.Debug|Any CPU.ActiveCfg = Debug|Any CPU
		{6E3D39F8-12F9-4FB8-8222-82A941895302}.Debug|Any CPU.Build.0 = Debug|Any CPU
		{6E3D39F8-12F9-4FB8-8222-82A941895302}.Release|Any CPU.ActiveCfg = Release|Any CPU
		{6E3D39F8-12F9-4FB8-8222-82A941895302}.Release|Any CPU.Build.0 = Release|Any CPU
		{B4C2004D-A9D7-452E-8C66-C43A6280CA7F}.Debug|Any CPU.ActiveCfg = Debug|Any CPU
		{B4C2004D-A9D7-452E-8C66-C43A6280CA7F}.Debug|Any CPU.Build.0 = Debug|Any CPU
		{B4C2004D-A9D7-452E-8C66-C43A6280CA7F}.Release|Any CPU.ActiveCfg = Release|Any CPU
		{B4C2004D-A9D7-452E-8C66-C43A6280CA7F}.Release|Any CPU.Build.0 = Release|Any CPU
		{E829EBFE-463A-465F-A071-15280BD5C8C5}.Debug|Any CPU.ActiveCfg = Debug|Any CPU
		{E829EBFE-463A-465F-A071-15280BD5C8C5}.Debug|Any CPU.Build.0 = Debug|Any CPU
		{E829EBFE-463A-465F-A071-15280BD5C8C5}.Release|Any CPU.ActiveCfg = Release|Any CPU
		{E829EBFE-463A-465F-A071-15280BD5C8C5}.Release|Any CPU.Build.0 = Release|Any CPU
		{14D8B307-5D2D-41A5-A03E-7FEB482227E3}.Debug|Any CPU.ActiveCfg = Debug|Any CPU
		{14D8B307-5D2D-41A5-A03E-7FEB482227E3}.Debug|Any CPU.Build.0 = Debug|Any CPU
		{14D8B307-5D2D-41A5-A03E-7FEB482227E3}.Release|Any CPU.ActiveCfg = Release|Any CPU
		{14D8B307-5D2D-41A5-A03E-7FEB482227E3}.Release|Any CPU.Build.0 = Release|Any CPU
		{FB26CEC0-43A7-4421-88FA-EED746312797}.Debug|Any CPU.ActiveCfg = Debug|Any CPU
		{FB26CEC0-43A7-4421-88FA-EED746312797}.Debug|Any CPU.Build.0 = Debug|Any CPU
		{FB26CEC0-43A7-4421-88FA-EED746312797}.Release|Any CPU.ActiveCfg = Release|Any CPU
		{FB26CEC0-43A7-4421-88FA-EED746312797}.Release|Any CPU.Build.0 = Release|Any CPU
	EndGlobalSection
EndGlobal
