
Microsoft Visual Studio Solution File, Format Version 12.00
Project("{FAE04EC0-301F-11D3-BF4B-00C04F79EFBC}") = "01.Stealer", "01.Stealer\01.Stealer.csproj", "{6E3D39F8-12F9-4FB8-8222-82A941895302}"
EndProject
Global
	GlobalSection(SolutionConfigurationPlatforms) = preSolution
		Debug|Any CPU = Debug|Any CPU
		Release|Any CPU = Release|Any CPU
	EndGlobalSection
	GlobalSection(ProjectConfigurationPlatforms) = postSolution
		{6E3D39F8-12F9-4FB8-8222-82A941895302}.Debug|Any CPU.ActiveCfg = Debug|Any CPU
		{6E3D39F8-12F9-4FB8-8222-82A941895302}.Debug|Any CPU.Build.0 = Debug|Any CPU
		{6E3D39F8-12F9-4FB8-8222-82A941895302}.Release|Any CPU.ActiveCfg = Release|Any CPU
		{6E3D39F8-12F9-4FB8-8222-82A941895302}.Release|Any CPU.Build.0 = Release|Any CPU
	EndGlobalSection
EndGlobal
