
Microsoft Visual Studio Solution File, Format Version 12.00
# Visual Studio Version 17
VisualStudioVersion = 17.9.34607.119
MinimumVisualStudioVersion = 10.0.40219.1
Project("{9A19103F-16F7-4668-BE54-9A1E7A4F7556}") = "01.Persons", "01.Persons\01.Persons.csproj", "{788BED4A-D70E-481A-BE80-180E39397895}"
EndProject
Project("{9A19103F-16F7-4668-BE54-9A1E7A4F7556}") = "02.Salary", "02.Salary\02.Salary.csproj", "{45832852-2BBF-46E2-A6B8-86FCC1CC3414}"
EndProject
Project("{9A19103F-16F7-4668-BE54-9A1E7A4F7556}") = "03.Validation", "03.Validation\03.Validation.csproj", "{F95E8FFF-74A4-4EF1-A48B-0ED9BB616868}"
EndProject
Project("{FAE04EC0-301F-11D3-BF4B-00C04F79EFBC}") = "04.Team", "04.Team\04.Team.csproj", "{1C36AE37-D850-48B3-94B0-6081F0F7DAE8}"
EndProject
Global
	GlobalSection(SolutionConfigurationPlatforms) = preSolution
		Debug|Any CPU = Debug|Any CPU
		Release|Any CPU = Release|Any CPU
	EndGlobalSection
	GlobalSection(ProjectConfigurationPlatforms) = postSolution
		{788BED4A-D70E-481A-BE80-180E39397895}.Debug|Any CPU.ActiveCfg = Debug|Any CPU
		{788BED4A-D70E-481A-BE80-180E39397895}.Debug|Any CPU.Build.0 = Debug|Any CPU
		{788BED4A-D70E-481A-BE80-180E39397895}.Release|Any CPU.ActiveCfg = Release|Any CPU
		{788BED4A-D70E-481A-BE80-180E39397895}.Release|Any CPU.Build.0 = Release|Any CPU
		{45832852-2BBF-46E2-A6B8-86FCC1CC3414}.Debug|Any CPU.ActiveCfg = Debug|Any CPU
		{45832852-2BBF-46E2-A6B8-86FCC1CC3414}.Debug|Any CPU.Build.0 = Debug|Any CPU
		{45832852-2BBF-46E2-A6B8-86FCC1CC3414}.Release|Any CPU.ActiveCfg = Release|Any CPU
		{45832852-2BBF-46E2-A6B8-86FCC1CC3414}.Release|Any CPU.Build.0 = Release|Any CPU
		{F95E8FFF-74A4-4EF1-A48B-0ED9BB616868}.Debug|Any CPU.ActiveCfg = Debug|Any CPU
		{F95E8FFF-74A4-4EF1-A48B-0ED9BB616868}.Debug|Any CPU.Build.0 = Debug|Any CPU
		{F95E8FFF-74A4-4EF1-A48B-0ED9BB616868}.Release|Any CPU.ActiveCfg = Release|Any CPU
		{F95E8FFF-74A4-4EF1-A48B-0ED9BB616868}.Release|Any CPU.Build.0 = Release|Any CPU
		{1C36AE37-D850-48B3-94B0-6081F0F7DAE8}.Debug|Any CPU.ActiveCfg = Debug|Any CPU
		{1C36AE37-D850-48B3-94B0-6081F0F7DAE8}.Debug|Any CPU.Build.0 = Debug|Any CPU
		{1C36AE37-D850-48B3-94B0-6081F0F7DAE8}.Release|Any CPU.ActiveCfg = Release|Any CPU
		{1C36AE37-D850-48B3-94B0-6081F0F7DAE8}.Release|Any CPU.Build.0 = Release|Any CPU
	EndGlobalSection
	GlobalSection(SolutionProperties) = preSolution
		HideSolutionNode = FALSE
	EndGlobalSection
	GlobalSection(ExtensibilityGlobals) = postSolution
		SolutionGuid = {C07F3E1D-04C1-4009-9C1A-330F214D43A4}
	EndGlobalSection
EndGlobal
