
Microsoft Visual Studio Solution File, Format Version 12.00
# Visual Studio Version 17
VisualStudioVersion = 17.8.34330.188
MinimumVisualStudioVersion = 10.0.40219.1
Project("{FAE04EC0-301F-11D3-BF4B-00C04F79EFBC}") = "01.BasicStackOperations", "01.BasicStackOperations\01.BasicStackOperations.csproj", "{B494D64E-B893-4898-8641-B4016E2D7A92}"
EndProject
Global
	GlobalSection(SolutionConfigurationPlatforms) = preSolution
		Debug|Any CPU = Debug|Any CPU
		Release|Any CPU = Release|Any CPU
	EndGlobalSection
	GlobalSection(ProjectConfigurationPlatforms) = postSolution
		{B494D64E-B893-4898-8641-B4016E2D7A92}.Debug|Any CPU.ActiveCfg = Debug|Any CPU
		{B494D64E-B893-4898-8641-B4016E2D7A92}.Debug|Any CPU.Build.0 = Debug|Any CPU
		{B494D64E-B893-4898-8641-B4016E2D7A92}.Release|Any CPU.ActiveCfg = Release|Any CPU
		{B494D64E-B893-4898-8641-B4016E2D7A92}.Release|Any CPU.Build.0 = Release|Any CPU
	EndGlobalSection
	GlobalSection(SolutionProperties) = preSolution
		HideSolutionNode = FALSE
	EndGlobalSection
	GlobalSection(ExtensibilityGlobals) = postSolution
		SolutionGuid = {B4ACC04C-522E-48A9-8B3D-0EB98F5E43DD}
	EndGlobalSection
EndGlobal
