
Microsoft Visual Studio Solution File, Format Version 12.00
# Visual Studio Version 17
VisualStudioVersion = 17.7.34202.233
MinimumVisualStudioVersion = 10.0.40219.1
Project("{9A19103F-16F7-4668-BE54-9A1E7A4F7556}") = "01.CountCharsInAString", "01.CountCharsInAString\01.CountCharsInAString.csproj", "{83C9EF17-BF8A-46D1-BB7D-A0DD401BD113}"
EndProject
Project("{9A19103F-16F7-4668-BE54-9A1E7A4F7556}") = "02.MinerTask", "02.MinerTask\02.MinerTask.csproj", "{811D8B16-433F-4BEC-A52D-A4BEC6CB7765}"
EndProject
Project("{9A19103F-16F7-4668-BE54-9A1E7A4F7556}") = "03.Orders", "03.Orders\03.Orders.csproj", "{A31A17D1-A9A0-459A-B66A-13F31F8795A8}"
EndProject
Project("{9A19103F-16F7-4668-BE54-9A1E7A4F7556}") = "04.SoftUniParking", "04.SoftUniParking\04.SoftUniParking.csproj", "{F7ABE7B2-AF8B-4DB7-8CCB-B701BCB02169}"
EndProject
Project("{9A19103F-16F7-4668-BE54-9A1E7A4F7556}") = "05.Courses", "05.Courses\05.Courses.csproj", "{107E176C-182D-447D-97BA-5684333815A1}"
EndProject
Project("{9A19103F-16F7-4668-BE54-9A1E7A4F7556}") = "06.StudentAcademy", "06.StudentAcademy\06.StudentAcademy.csproj", "{CFAD745B-9E8A-47BF-9B13-792E0D3D1FEB}"
EndProject
Project("{FAE04EC0-301F-11D3-BF4B-00C04F79EFBC}") = "07.CompanyUsers", "07.CompanyUsers\07.CompanyUsers.csproj", "{E1CF51AD-5C7B-4C8A-8CEF-DAF37BFBFCF3}"
EndProject
Global
	GlobalSection(SolutionConfigurationPlatforms) = preSolution
		Debug|Any CPU = Debug|Any CPU
		Release|Any CPU = Release|Any CPU
	EndGlobalSection
	GlobalSection(ProjectConfigurationPlatforms) = postSolution
		{83C9EF17-BF8A-46D1-BB7D-A0DD401BD113}.Debug|Any CPU.ActiveCfg = Debug|Any CPU
		{83C9EF17-BF8A-46D1-BB7D-A0DD401BD113}.Debug|Any CPU.Build.0 = Debug|Any CPU
		{83C9EF17-BF8A-46D1-BB7D-A0DD401BD113}.Release|Any CPU.ActiveCfg = Release|Any CPU
		{83C9EF17-BF8A-46D1-BB7D-A0DD401BD113}.Release|Any CPU.Build.0 = Release|Any CPU
		{811D8B16-433F-4BEC-A52D-A4BEC6CB7765}.Debug|Any CPU.ActiveCfg = Debug|Any CPU
		{811D8B16-433F-4BEC-A52D-A4BEC6CB7765}.Debug|Any CPU.Build.0 = Debug|Any CPU
		{811D8B16-433F-4BEC-A52D-A4BEC6CB7765}.Release|Any CPU.ActiveCfg = Release|Any CPU
		{811D8B16-433F-4BEC-A52D-A4BEC6CB7765}.Release|Any CPU.Build.0 = Release|Any CPU
		{A31A17D1-A9A0-459A-B66A-13F31F8795A8}.Debug|Any CPU.ActiveCfg = Debug|Any CPU
		{A31A17D1-A9A0-459A-B66A-13F31F8795A8}.Debug|Any CPU.Build.0 = Debug|Any CPU
		{A31A17D1-A9A0-459A-B66A-13F31F8795A8}.Release|Any CPU.ActiveCfg = Release|Any CPU
		{A31A17D1-A9A0-459A-B66A-13F31F8795A8}.Release|Any CPU.Build.0 = Release|Any CPU
		{F7ABE7B2-AF8B-4DB7-8CCB-B701BCB02169}.Debug|Any CPU.ActiveCfg = Debug|Any CPU
		{F7ABE7B2-AF8B-4DB7-8CCB-B701BCB02169}.Debug|Any CPU.Build.0 = Debug|Any CPU
		{F7ABE7B2-AF8B-4DB7-8CCB-B701BCB02169}.Release|Any CPU.ActiveCfg = Release|Any CPU
		{F7ABE7B2-AF8B-4DB7-8CCB-B701BCB02169}.Release|Any CPU.Build.0 = Release|Any CPU
		{107E176C-182D-447D-97BA-5684333815A1}.Debug|Any CPU.ActiveCfg = Debug|Any CPU
		{107E176C-182D-447D-97BA-5684333815A1}.Debug|Any CPU.Build.0 = Debug|Any CPU
		{107E176C-182D-447D-97BA-5684333815A1}.Release|Any CPU.ActiveCfg = Release|Any CPU
		{107E176C-182D-447D-97BA-5684333815A1}.Release|Any CPU.Build.0 = Release|Any CPU
		{CFAD745B-9E8A-47BF-9B13-792E0D3D1FEB}.Debug|Any CPU.ActiveCfg = Debug|Any CPU
		{CFAD745B-9E8A-47BF-9B13-792E0D3D1FEB}.Debug|Any CPU.Build.0 = Debug|Any CPU
		{CFAD745B-9E8A-47BF-9B13-792E0D3D1FEB}.Release|Any CPU.ActiveCfg = Release|Any CPU
		{CFAD745B-9E8A-47BF-9B13-792E0D3D1FEB}.Release|Any CPU.Build.0 = Release|Any CPU
		{E1CF51AD-5C7B-4C8A-8CEF-DAF37BFBFCF3}.Debug|Any CPU.ActiveCfg = Debug|Any CPU
		{E1CF51AD-5C7B-4C8A-8CEF-DAF37BFBFCF3}.Debug|Any CPU.Build.0 = Debug|Any CPU
		{E1CF51AD-5C7B-4C8A-8CEF-DAF37BFBFCF3}.Release|Any CPU.ActiveCfg = Release|Any CPU
		{E1CF51AD-5C7B-4C8A-8CEF-DAF37BFBFCF3}.Release|Any CPU.Build.0 = Release|Any CPU
	EndGlobalSection
	GlobalSection(SolutionProperties) = preSolution
		HideSolutionNode = FALSE
	EndGlobalSection
	GlobalSection(ExtensibilityGlobals) = postSolution
		SolutionGuid = {19FE5F80-886C-4918-BD27-C0D3D6A9723E}
	EndGlobalSection
EndGlobal
