
Microsoft Visual Studio Solution File, Format Version 12.00
# Visual Studio Version 17
VisualStudioVersion = 17.8.34408.163
MinimumVisualStudioVersion = 10.0.40219.1
Project("{9A19103F-16F7-4668-BE54-9A1E7A4F7556}") = "01.SumMatrixElements", "01.SumMatrixElements\01.SumMatrixElements.csproj", "{66D9748C-13F1-46A8-A4DC-BD4496100113}"
EndProject
Project("{FAE04EC0-301F-11D3-BF4B-00C04F79EFBC}") = "02.SumMatrixColumns", "02.SumMatrixColumns\02.SumMatrixColumns.csproj", "{23DCD43D-D93E-483A-A51C-14DF40D2A46A}"
EndProject
Project("{FAE04EC0-301F-11D3-BF4B-00C04F79EFBC}") = "03.PrimaryDiagonal", "03.PrimaryDiagonal\03.PrimaryDiagonal.csproj", "{32B56230-C083-4CF1-B5A3-4369453D23C0}"
EndProject
Project("{FAE04EC0-301F-11D3-BF4B-00C04F79EFBC}") = "04.SymbolInMatrix", "04.SymbolInMatrix\04.SymbolInMatrix.csproj", "{C91FDAF3-4F92-4883-8C23-2FD01076C2F5}"
EndProject
Global
	GlobalSection(SolutionConfigurationPlatforms) = preSolution
		Debug|Any CPU = Debug|Any CPU
		Release|Any CPU = Release|Any CPU
	EndGlobalSection
	GlobalSection(ProjectConfigurationPlatforms) = postSolution
		{66D9748C-13F1-46A8-A4DC-BD4496100113}.Debug|Any CPU.ActiveCfg = Debug|Any CPU
		{66D9748C-13F1-46A8-A4DC-BD4496100113}.Debug|Any CPU.Build.0 = Debug|Any CPU
		{66D9748C-13F1-46A8-A4DC-BD4496100113}.Release|Any CPU.ActiveCfg = Release|Any CPU
		{66D9748C-13F1-46A8-A4DC-BD4496100113}.Release|Any CPU.Build.0 = Release|Any CPU
		{23DCD43D-D93E-483A-A51C-14DF40D2A46A}.Debug|Any CPU.ActiveCfg = Debug|Any CPU
		{23DCD43D-D93E-483A-A51C-14DF40D2A46A}.Debug|Any CPU.Build.0 = Debug|Any CPU
		{23DCD43D-D93E-483A-A51C-14DF40D2A46A}.Release|Any CPU.ActiveCfg = Release|Any CPU
		{23DCD43D-D93E-483A-A51C-14DF40D2A46A}.Release|Any CPU.Build.0 = Release|Any CPU
		{32B56230-C083-4CF1-B5A3-4369453D23C0}.Debug|Any CPU.ActiveCfg = Debug|Any CPU
		{32B56230-C083-4CF1-B5A3-4369453D23C0}.Debug|Any CPU.Build.0 = Debug|Any CPU
		{32B56230-C083-4CF1-B5A3-4369453D23C0}.Release|Any CPU.ActiveCfg = Release|Any CPU
		{32B56230-C083-4CF1-B5A3-4369453D23C0}.Release|Any CPU.Build.0 = Release|Any CPU
		{C91FDAF3-4F92-4883-8C23-2FD01076C2F5}.Debug|Any CPU.ActiveCfg = Debug|Any CPU
		{C91FDAF3-4F92-4883-8C23-2FD01076C2F5}.Debug|Any CPU.Build.0 = Debug|Any CPU
		{C91FDAF3-4F92-4883-8C23-2FD01076C2F5}.Release|Any CPU.ActiveCfg = Release|Any CPU
		{C91FDAF3-4F92-4883-8C23-2FD01076C2F5}.Release|Any CPU.Build.0 = Release|Any CPU
	EndGlobalSection
	GlobalSection(SolutionProperties) = preSolution
		HideSolutionNode = FALSE
	EndGlobalSection
	GlobalSection(ExtensibilityGlobals) = postSolution
		SolutionGuid = {9E58A204-9CC6-4065-A10D-BFBF24FDFA9E}
	EndGlobalSection
EndGlobal
