
Microsoft Visual Studio Solution File, Format Version 12.00
# Visual Studio Version 17
VisualStudioVersion = 17.8.34408.163
MinimumVisualStudioVersion = 10.0.40219.1
Project("{FAE04EC0-301F-11D3-BF4B-00C04F79EFBC}") = "01.ListyIterator", "01.ListyIterator\01.ListyIterator.csproj", "{39608A0E-D8F5-4535-A4D5-DCEE2979394B}"
EndProject
Project("{FAE04EC0-301F-11D3-BF4B-00C04F79EFBC}") = "02.Collection", "02.Collection\02.Collection.csproj", "{20C4C0B2-CD5F-48B4-9B4F-E193BCC4D796}"
EndProject
Project("{FAE04EC0-301F-11D3-BF4B-00C04F79EFBC}") = "03.Stack", "03.Stack\03.Stack.csproj", "{31D45B5F-A2BC-49B5-8E6A-2B13991772FB}"
EndProject
Global
	GlobalSection(SolutionConfigurationPlatforms) = preSolution
		Debug|Any CPU = Debug|Any CPU
		Release|Any CPU = Release|Any CPU
	EndGlobalSection
	GlobalSection(ProjectConfigurationPlatforms) = postSolution
		{39608A0E-D8F5-4535-A4D5-DCEE2979394B}.Debug|Any CPU.ActiveCfg = Debug|Any CPU
		{39608A0E-D8F5-4535-A4D5-DCEE2979394B}.Debug|Any CPU.Build.0 = Debug|Any CPU
		{39608A0E-D8F5-4535-A4D5-DCEE2979394B}.Release|Any CPU.ActiveCfg = Release|Any CPU
		{39608A0E-D8F5-4535-A4D5-DCEE2979394B}.Release|Any CPU.Build.0 = Release|Any CPU
		{20C4C0B2-CD5F-48B4-9B4F-E193BCC4D796}.Debug|Any CPU.ActiveCfg = Debug|Any CPU
		{20C4C0B2-CD5F-48B4-9B4F-E193BCC4D796}.Debug|Any CPU.Build.0 = Debug|Any CPU
		{20C4C0B2-CD5F-48B4-9B4F-E193BCC4D796}.Release|Any CPU.ActiveCfg = Release|Any CPU
		{20C4C0B2-CD5F-48B4-9B4F-E193BCC4D796}.Release|Any CPU.Build.0 = Release|Any CPU
		{31D45B5F-A2BC-49B5-8E6A-2B13991772FB}.Debug|Any CPU.ActiveCfg = Debug|Any CPU
		{31D45B5F-A2BC-49B5-8E6A-2B13991772FB}.Debug|Any CPU.Build.0 = Debug|Any CPU
		{31D45B5F-A2BC-49B5-8E6A-2B13991772FB}.Release|Any CPU.ActiveCfg = Release|Any CPU
		{31D45B5F-A2BC-49B5-8E6A-2B13991772FB}.Release|Any CPU.Build.0 = Release|Any CPU
	EndGlobalSection
	GlobalSection(SolutionProperties) = preSolution
		HideSolutionNode = FALSE
	EndGlobalSection
	GlobalSection(ExtensibilityGlobals) = postSolution
		SolutionGuid = {5C13C7F8-DAD6-4D54-A52C-1FBB9B2ADA8B}
	EndGlobalSection
EndGlobal
