
Microsoft Visual Studio Solution File, Format Version 12.00
# Visual Studio Version 17
VisualStudioVersion = 17.8.34330.188
MinimumVisualStudioVersion = 10.0.40219.1
Project("{FAE04EC0-301F-11D3-BF4B-00C04F79EFBC}") = "1.ReverseAString", "1.ReverseAString\1.ReverseAString.csproj", "{0DC24310-B911-4F81-8CA6-01773A59CA7A}"
EndProject
Global
	GlobalSection(SolutionConfigurationPlatforms) = preSolution
		Debug|Any CPU = Debug|Any CPU
		Release|Any CPU = Release|Any CPU
	EndGlobalSection
	GlobalSection(ProjectConfigurationPlatforms) = postSolution
		{0DC24310-B911-4F81-8CA6-01773A59CA7A}.Debug|Any CPU.ActiveCfg = Debug|Any CPU
		{0DC24310-B911-4F81-8CA6-01773A59CA7A}.Debug|Any CPU.Build.0 = Debug|Any CPU
		{0DC24310-B911-4F81-8CA6-01773A59CA7A}.Release|Any CPU.ActiveCfg = Release|Any CPU
		{0DC24310-B911-4F81-8CA6-01773A59CA7A}.Release|Any CPU.Build.0 = Release|Any CPU
	EndGlobalSection
	GlobalSection(SolutionProperties) = preSolution
		HideSolutionNode = FALSE
	EndGlobalSection
	GlobalSection(ExtensibilityGlobals) = postSolution
		SolutionGuid = {2170AEB0-2F73-46F4-BF78-CC5BDA414BA2}
	EndGlobalSection
EndGlobal
