
Microsoft Visual Studio Solution File, Format Version 12.00
# Visual Studio Version 17
VisualStudioVersion = 17.8.34330.188
MinimumVisualStudioVersion = 10.0.40219.1
Project("{9A19103F-16F7-4668-BE54-9A1E7A4F7556}") = "01.ReverseAString", "1.ReverseAString\01.ReverseAString.csproj", "{0DC24310-B911-4F81-8CA6-01773A59CA7A}"
EndProject
Project("{9A19103F-16F7-4668-BE54-9A1E7A4F7556}") = "02.StackSum", "02.StackSum\02.StackSum.csproj", "{5CFBDFB7-3A6B-4B0C-808B-A8D0B510C32A}"
EndProject
Project("{9A19103F-16F7-4668-BE54-9A1E7A4F7556}") = "03.SimpleCalculator", "03.SimpleCalculator\03.SimpleCalculator.csproj", "{EEBB67B5-8A26-4FBF-B4B6-1FEA2CB2F751}"
EndProject
Project("{9A19103F-16F7-4668-BE54-9A1E7A4F7556}") = "04.MatchingBrackets", "04.MatchingBrackets\04.MatchingBrackets.csproj", "{1C63E579-1495-4C4B-9863-82D4CFF2E564}"
EndProject
Project("{9A19103F-16F7-4668-BE54-9A1E7A4F7556}") = "05.PrintEvenNumbers", "05.PrintEvenNumbers\05.PrintEvenNumbers.csproj", "{562D4ED9-25D2-411E-AAC4-647AFFD2C6A3}"
EndProject
Project("{9A19103F-16F7-4668-BE54-9A1E7A4F7556}") = "06.Supermarket", "06.Supermarket\06.Supermarket.csproj", "{FE556D79-EC2F-46A1-B7D1-1EEC46E1278B}"
EndProject
Project("{FAE04EC0-301F-11D3-BF4B-00C04F79EFBC}") = "07.HotPotato", "07.HotPotato\07.HotPotato.csproj", "{E125C9D0-413D-4FC1-80BF-B614B4321359}"
EndProject
Project("{FAE04EC0-301F-11D3-BF4B-00C04F79EFBC}") = "08.TrafficJam", "08.TrafficJam\08.TrafficJam.csproj", "{5ABC58F5-0AB4-458E-B695-F0A5364A57C7}"
EndProject
Global
	GlobalSection(SolutionConfigurationPlatforms) = preSolution
		Debug|Any CPU = Debug|Any CPU
		Release|Any CPU = Release|Any CPU
	EndGlobalSection
	GlobalSection(ProjectConfigurationPlatforms) = postSolution
		{0DC24310-B911-4F81-8CA6-01773A59CA7A}.Debug|Any CPU.ActiveCfg = Debug|Any CPU
		{0DC24310-B911-4F81-8CA6-01773A59CA7A}.Debug|Any CPU.Build.0 = Debug|Any CPU
		{0DC24310-B911-4F81-8CA6-01773A59CA7A}.Release|Any CPU.ActiveCfg = Release|Any CPU
		{0DC24310-B911-4F81-8CA6-01773A59CA7A}.Release|Any CPU.Build.0 = Release|Any CPU
		{5CFBDFB7-3A6B-4B0C-808B-A8D0B510C32A}.Debug|Any CPU.ActiveCfg = Debug|Any CPU
		{5CFBDFB7-3A6B-4B0C-808B-A8D0B510C32A}.Debug|Any CPU.Build.0 = Debug|Any CPU
		{5CFBDFB7-3A6B-4B0C-808B-A8D0B510C32A}.Release|Any CPU.ActiveCfg = Release|Any CPU
		{5CFBDFB7-3A6B-4B0C-808B-A8D0B510C32A}.Release|Any CPU.Build.0 = Release|Any CPU
		{EEBB67B5-8A26-4FBF-B4B6-1FEA2CB2F751}.Debug|Any CPU.ActiveCfg = Debug|Any CPU
		{EEBB67B5-8A26-4FBF-B4B6-1FEA2CB2F751}.Debug|Any CPU.Build.0 = Debug|Any CPU
		{EEBB67B5-8A26-4FBF-B4B6-1FEA2CB2F751}.Release|Any CPU.ActiveCfg = Release|Any CPU
		{EEBB67B5-8A26-4FBF-B4B6-1FEA2CB2F751}.Release|Any CPU.Build.0 = Release|Any CPU
		{1C63E579-1495-4C4B-9863-82D4CFF2E564}.Debug|Any CPU.ActiveCfg = Debug|Any CPU
		{1C63E579-1495-4C4B-9863-82D4CFF2E564}.Debug|Any CPU.Build.0 = Debug|Any CPU
		{1C63E579-1495-4C4B-9863-82D4CFF2E564}.Release|Any CPU.ActiveCfg = Release|Any CPU
		{1C63E579-1495-4C4B-9863-82D4CFF2E564}.Release|Any CPU.Build.0 = Release|Any CPU
		{562D4ED9-25D2-411E-AAC4-647AFFD2C6A3}.Debug|Any CPU.ActiveCfg = Debug|Any CPU
		{562D4ED9-25D2-411E-AAC4-647AFFD2C6A3}.Debug|Any CPU.Build.0 = Debug|Any CPU
		{562D4ED9-25D2-411E-AAC4-647AFFD2C6A3}.Release|Any CPU.ActiveCfg = Release|Any CPU
		{562D4ED9-25D2-411E-AAC4-647AFFD2C6A3}.Release|Any CPU.Build.0 = Release|Any CPU
		{FE556D79-EC2F-46A1-B7D1-1EEC46E1278B}.Debug|Any CPU.ActiveCfg = Debug|Any CPU
		{FE556D79-EC2F-46A1-B7D1-1EEC46E1278B}.Debug|Any CPU.Build.0 = Debug|Any CPU
		{FE556D79-EC2F-46A1-B7D1-1EEC46E1278B}.Release|Any CPU.ActiveCfg = Release|Any CPU
		{FE556D79-EC2F-46A1-B7D1-1EEC46E1278B}.Release|Any CPU.Build.0 = Release|Any CPU
		{E125C9D0-413D-4FC1-80BF-B614B4321359}.Debug|Any CPU.ActiveCfg = Debug|Any CPU
		{E125C9D0-413D-4FC1-80BF-B614B4321359}.Debug|Any CPU.Build.0 = Debug|Any CPU
		{E125C9D0-413D-4FC1-80BF-B614B4321359}.Release|Any CPU.ActiveCfg = Release|Any CPU
		{E125C9D0-413D-4FC1-80BF-B614B4321359}.Release|Any CPU.Build.0 = Release|Any CPU
		{5ABC58F5-0AB4-458E-B695-F0A5364A57C7}.Debug|Any CPU.ActiveCfg = Debug|Any CPU
		{5ABC58F5-0AB4-458E-B695-F0A5364A57C7}.Debug|Any CPU.Build.0 = Debug|Any CPU
		{5ABC58F5-0AB4-458E-B695-F0A5364A57C7}.Release|Any CPU.ActiveCfg = Release|Any CPU
		{5ABC58F5-0AB4-458E-B695-F0A5364A57C7}.Release|Any CPU.Build.0 = Release|Any CPU
	EndGlobalSection
	GlobalSection(SolutionProperties) = preSolution
		HideSolutionNode = FALSE
	EndGlobalSection
	GlobalSection(ExtensibilityGlobals) = postSolution
		SolutionGuid = {2170AEB0-2F73-46F4-BF78-CC5BDA414BA2}
	EndGlobalSection
EndGlobal
