
Microsoft Visual Studio Solution File, Format Version 12.00
# Visual Studio Version 17
VisualStudioVersion = 17.8.34408.163
MinimumVisualStudioVersion = 10.0.40219.1
Project("{9A19103F-16F7-4668-BE54-9A1E7A4F7556}") = "01.ActionPrint", "01.ActionPrint\01.ActionPrint.csproj", "{CA17ED7B-400B-4384-8B50-9FE871598F7E}"
EndProject
Project("{9A19103F-16F7-4668-BE54-9A1E7A4F7556}") = "02.KnightsOfHorror", "02.KnightsOfHorror\02.KnightsOfHorror.csproj", "{CC8C724B-65DC-44B8-BA71-C00336AA81D4}"
EndProject
Project("{9A19103F-16F7-4668-BE54-9A1E7A4F7556}") = "03.CustomMinFunction", "03.CustomMinFunction\03.CustomMinFunction.csproj", "{FD9B0DFE-8F47-4E76-A1FB-10BBD9745D24}"
EndProject
Project("{9A19103F-16F7-4668-BE54-9A1E7A4F7556}") = "04.FindEvenOrOdds", "04.FindEvenOrOdds\04.FindEvenOrOdds.csproj", "{A61CE1EC-3E90-446A-81D7-09CDADA93D9E}"
EndProject
Project("{9A19103F-16F7-4668-BE54-9A1E7A4F7556}") = "05.AppliedArithmetics", "05.AppliedArithmetics\05.AppliedArithmetics.csproj", "{BC988FE3-757D-462C-B39D-3BEF24BF126C}"
EndProject
Project("{9A19103F-16F7-4668-BE54-9A1E7A4F7556}") = "06.ReverseAndExclude", "06.ReverseAndExclude\06.ReverseAndExclude.csproj", "{6BE0CE02-6AD2-410F-8CAD-704C14E574A6}"
EndProject
Project("{9A19103F-16F7-4668-BE54-9A1E7A4F7556}") = "07.PredicateForNames", "07.PredicateForNames\07.PredicateForNames.csproj", "{44093688-AFDF-4024-BFC4-9880C681EC7D}"
EndProject
Project("{9A19103F-16F7-4668-BE54-9A1E7A4F7556}") = "08.ListOfPredicates", "08.ListOfPredicates\08.ListOfPredicates.csproj", "{8C609C58-1808-48B6-BC27-430E3848FD77}"
EndProject
Project("{9A19103F-16F7-4668-BE54-9A1E7A4F7556}") = "09.PredicateParty", "09.PredicateParty\09.PredicateParty.csproj", "{DD637E97-9F07-47B8-8C8E-B55D58125699}"
EndProject
Project("{9A19103F-16F7-4668-BE54-9A1E7A4F7556}") = "10.ThePartyReservationFilterModule", "10.ThePartyReservationFilterModule\10.ThePartyReservationFilterModule.csproj", "{BA97DB48-87CC-4EB7-8FD8-870119D3BC52}"
EndProject
Project("{FAE04EC0-301F-11D3-BF4B-00C04F79EFBC}") = "11.TriFunction", "11.TriFunction\11.TriFunction.csproj", "{58BE7D0E-318C-4C40-A861-52C717CE727C}"
EndProject
Global
	GlobalSection(SolutionConfigurationPlatforms) = preSolution
		Debug|Any CPU = Debug|Any CPU
		Release|Any CPU = Release|Any CPU
	EndGlobalSection
	GlobalSection(ProjectConfigurationPlatforms) = postSolution
		{CA17ED7B-400B-4384-8B50-9FE871598F7E}.Debug|Any CPU.ActiveCfg = Debug|Any CPU
		{CA17ED7B-400B-4384-8B50-9FE871598F7E}.Debug|Any CPU.Build.0 = Debug|Any CPU
		{CA17ED7B-400B-4384-8B50-9FE871598F7E}.Release|Any CPU.ActiveCfg = Release|Any CPU
		{CA17ED7B-400B-4384-8B50-9FE871598F7E}.Release|Any CPU.Build.0 = Release|Any CPU
		{CC8C724B-65DC-44B8-BA71-C00336AA81D4}.Debug|Any CPU.ActiveCfg = Debug|Any CPU
		{CC8C724B-65DC-44B8-BA71-C00336AA81D4}.Debug|Any CPU.Build.0 = Debug|Any CPU
		{CC8C724B-65DC-44B8-BA71-C00336AA81D4}.Release|Any CPU.ActiveCfg = Release|Any CPU
		{CC8C724B-65DC-44B8-BA71-C00336AA81D4}.Release|Any CPU.Build.0 = Release|Any CPU
		{FD9B0DFE-8F47-4E76-A1FB-10BBD9745D24}.Debug|Any CPU.ActiveCfg = Debug|Any CPU
		{FD9B0DFE-8F47-4E76-A1FB-10BBD9745D24}.Debug|Any CPU.Build.0 = Debug|Any CPU
		{FD9B0DFE-8F47-4E76-A1FB-10BBD9745D24}.Release|Any CPU.ActiveCfg = Release|Any CPU
		{FD9B0DFE-8F47-4E76-A1FB-10BBD9745D24}.Release|Any CPU.Build.0 = Release|Any CPU
		{A61CE1EC-3E90-446A-81D7-09CDADA93D9E}.Debug|Any CPU.ActiveCfg = Debug|Any CPU
		{A61CE1EC-3E90-446A-81D7-09CDADA93D9E}.Debug|Any CPU.Build.0 = Debug|Any CPU
		{A61CE1EC-3E90-446A-81D7-09CDADA93D9E}.Release|Any CPU.ActiveCfg = Release|Any CPU
		{A61CE1EC-3E90-446A-81D7-09CDADA93D9E}.Release|Any CPU.Build.0 = Release|Any CPU
		{BC988FE3-757D-462C-B39D-3BEF24BF126C}.Debug|Any CPU.ActiveCfg = Debug|Any CPU
		{BC988FE3-757D-462C-B39D-3BEF24BF126C}.Debug|Any CPU.Build.0 = Debug|Any CPU
		{BC988FE3-757D-462C-B39D-3BEF24BF126C}.Release|Any CPU.ActiveCfg = Release|Any CPU
		{BC988FE3-757D-462C-B39D-3BEF24BF126C}.Release|Any CPU.Build.0 = Release|Any CPU
		{6BE0CE02-6AD2-410F-8CAD-704C14E574A6}.Debug|Any CPU.ActiveCfg = Debug|Any CPU
		{6BE0CE02-6AD2-410F-8CAD-704C14E574A6}.Debug|Any CPU.Build.0 = Debug|Any CPU
		{6BE0CE02-6AD2-410F-8CAD-704C14E574A6}.Release|Any CPU.ActiveCfg = Release|Any CPU
		{6BE0CE02-6AD2-410F-8CAD-704C14E574A6}.Release|Any CPU.Build.0 = Release|Any CPU
		{44093688-AFDF-4024-BFC4-9880C681EC7D}.Debug|Any CPU.ActiveCfg = Debug|Any CPU
		{44093688-AFDF-4024-BFC4-9880C681EC7D}.Debug|Any CPU.Build.0 = Debug|Any CPU
		{44093688-AFDF-4024-BFC4-9880C681EC7D}.Release|Any CPU.ActiveCfg = Release|Any CPU
		{44093688-AFDF-4024-BFC4-9880C681EC7D}.Release|Any CPU.Build.0 = Release|Any CPU
		{8C609C58-1808-48B6-BC27-430E3848FD77}.Debug|Any CPU.ActiveCfg = Debug|Any CPU
		{8C609C58-1808-48B6-BC27-430E3848FD77}.Debug|Any CPU.Build.0 = Debug|Any CPU
		{8C609C58-1808-48B6-BC27-430E3848FD77}.Release|Any CPU.ActiveCfg = Release|Any CPU
		{8C609C58-1808-48B6-BC27-430E3848FD77}.Release|Any CPU.Build.0 = Release|Any CPU
		{DD637E97-9F07-47B8-8C8E-B55D58125699}.Debug|Any CPU.ActiveCfg = Debug|Any CPU
		{DD637E97-9F07-47B8-8C8E-B55D58125699}.Debug|Any CPU.Build.0 = Debug|Any CPU
		{DD637E97-9F07-47B8-8C8E-B55D58125699}.Release|Any CPU.ActiveCfg = Release|Any CPU
		{DD637E97-9F07-47B8-8C8E-B55D58125699}.Release|Any CPU.Build.0 = Release|Any CPU
		{BA97DB48-87CC-4EB7-8FD8-870119D3BC52}.Debug|Any CPU.ActiveCfg = Debug|Any CPU
		{BA97DB48-87CC-4EB7-8FD8-870119D3BC52}.Debug|Any CPU.Build.0 = Debug|Any CPU
		{BA97DB48-87CC-4EB7-8FD8-870119D3BC52}.Release|Any CPU.ActiveCfg = Release|Any CPU
		{BA97DB48-87CC-4EB7-8FD8-870119D3BC52}.Release|Any CPU.Build.0 = Release|Any CPU
		{58BE7D0E-318C-4C40-A861-52C717CE727C}.Debug|Any CPU.ActiveCfg = Debug|Any CPU
		{58BE7D0E-318C-4C40-A861-52C717CE727C}.Debug|Any CPU.Build.0 = Debug|Any CPU
		{58BE7D0E-318C-4C40-A861-52C717CE727C}.Release|Any CPU.ActiveCfg = Release|Any CPU
		{58BE7D0E-318C-4C40-A861-52C717CE727C}.Release|Any CPU.Build.0 = Release|Any CPU
	EndGlobalSection
	GlobalSection(SolutionProperties) = preSolution
		HideSolutionNode = FALSE
	EndGlobalSection
	GlobalSection(ExtensibilityGlobals) = postSolution
		SolutionGuid = {7F1E8C21-7CB7-4D3C-BFC9-343E8BCC81FF}
	EndGlobalSection
EndGlobal
